
Microsoft Visual Studio Solution File, Format Version 12.00
# Visual Studio 15
VisualStudioVersion = 15.0.28307.852
MinimumVisualStudioVersion = 10.0.40219.1
Project("{FAE04EC0-301F-11D3-BF4B-00C04F79EFBC}") = "JumpAPP.Android", "JumpAPP\JumpAPP.Android\JumpAPP.Android.csproj", "{0ABE4DCB-C6E4-4539-8BDB-A8155933B572}"
EndProject
Project("{FAE04EC0-301F-11D3-BF4B-00C04F79EFBC}") = "JumpAPP.iOS", "JumpAPP\JumpAPP.iOS\JumpAPP.iOS.csproj", "{70648A6A-ED0B-41CB-A53D-BCBE4DAB0AC5}"
EndProject
Project("{FAE04EC0-301F-11D3-BF4B-00C04F79EFBC}") = "JumpAPP", "JumpAPP\JumpAPP\JumpAPP.csproj", "{2A9F4C61-91DD-4DCA-B463-05E1FB31DF15}"
EndProject
Global
	GlobalSection(SolutionConfigurationPlatforms) = preSolution
		Ad-Hoc|Any CPU = Ad-Hoc|Any CPU
		Ad-Hoc|iPhone = Ad-Hoc|iPhone
		Ad-Hoc|iPhoneSimulator = Ad-Hoc|iPhoneSimulator
		AppStore|Any CPU = AppStore|Any CPU
		AppStore|iPhone = AppStore|iPhone
		AppStore|iPhoneSimulator = AppStore|iPhoneSimulator
		Debug|Any CPU = Debug|Any CPU
		Debug|iPhone = Debug|iPhone
		Debug|iPhoneSimulator = Debug|iPhoneSimulator
		Release|Any CPU = Release|Any CPU
		Release|iPhone = Release|iPhone
		Release|iPhoneSimulator = Release|iPhoneSimulator
	EndGlobalSection
	GlobalSection(ProjectConfigurationPlatforms) = postSolution
		{0ABE4DCB-C6E4-4539-8BDB-A8155933B572}.Ad-Hoc|Any CPU.ActiveCfg = Release|Any CPU
		{0ABE4DCB-C6E4-4539-8BDB-A8155933B572}.Ad-Hoc|Any CPU.Build.0 = Release|Any CPU
		{0ABE4DCB-C6E4-4539-8BDB-A8155933B572}.Ad-Hoc|Any CPU.Deploy.0 = Release|Any CPU
		{0ABE4DCB-C6E4-4539-8BDB-A8155933B572}.Ad-Hoc|iPhone.ActiveCfg = Release|Any CPU
		{0ABE4DCB-C6E4-4539-8BDB-A8155933B572}.Ad-Hoc|iPhone.Build.0 = Release|Any CPU
		{0ABE4DCB-C6E4-4539-8BDB-A8155933B572}.Ad-Hoc|iPhone.Deploy.0 = Release|Any CPU
		{0ABE4DCB-C6E4-4539-8BDB-A8155933B572}.Ad-Hoc|iPhoneSimulator.ActiveCfg = Release|Any CPU
		{0ABE4DCB-C6E4-4539-8BDB-A8155933B572}.Ad-Hoc|iPhoneSimulator.Build.0 = Release|Any CPU
		{0ABE4DCB-C6E4-4539-8BDB-A8155933B572}.Ad-Hoc|iPhoneSimulator.Deploy.0 = Release|Any CPU
		{0ABE4DCB-C6E4-4539-8BDB-A8155933B572}.AppStore|Any CPU.ActiveCfg = Release|Any CPU
		{0ABE4DCB-C6E4-4539-8BDB-A8155933B572}.AppStore|Any CPU.Build.0 = Release|Any CPU
		{0ABE4DCB-C6E4-4539-8BDB-A8155933B572}.AppStore|Any CPU.Deploy.0 = Release|Any CPU
		{0ABE4DCB-C6E4-4539-8BDB-A8155933B572}.AppStore|iPhone.ActiveCfg = Release|Any CPU
		{0ABE4DCB-C6E4-4539-8BDB-A8155933B572}.AppStore|iPhone.Build.0 = Release|Any CPU
		{0ABE4DCB-C6E4-4539-8BDB-A8155933B572}.AppStore|iPhone.Deploy.0 = Release|Any CPU
		{0ABE4DCB-C6E4-4539-8BDB-A8155933B572}.AppStore|iPhoneSimulator.ActiveCfg = Release|Any CPU
		{0ABE4DCB-C6E4-4539-8BDB-A8155933B572}.AppStore|iPhoneSimulator.Build.0 = Release|Any CPU
		{0ABE4DCB-C6E4-4539-8BDB-A8155933B572}.AppStore|iPhoneSimulator.Deploy.0 = Release|Any CPU
		{0ABE4DCB-C6E4-4539-8BDB-A8155933B572}.Debug|Any CPU.ActiveCfg = Debug|Any CPU
		{0ABE4DCB-C6E4-4539-8BDB-A8155933B572}.Debug|Any CPU.Build.0 = Debug|Any CPU
		{0ABE4DCB-C6E4-4539-8BDB-A8155933B572}.Debug|Any CPU.Deploy.0 = Debug|Any CPU
		{0ABE4DCB-C6E4-4539-8BDB-A8155933B572}.Debug|iPhone.ActiveCfg = Debug|Any CPU
		{0ABE4DCB-C6E4-4539-8BDB-A8155933B572}.Debug|iPhone.Build.0 = Debug|Any CPU
		{0ABE4DCB-C6E4-4539-8BDB-A8155933B572}.Debug|iPhone.Deploy.0 = Debug|Any CPU
		{0ABE4DCB-C6E4-4539-8BDB-A8155933B572}.Debug|iPhoneSimulator.ActiveCfg = Debug|Any CPU
		{0ABE4DCB-C6E4-4539-8BDB-A8155933B572}.Debug|iPhoneSimulator.Build.0 = Debug|Any CPU
		{0ABE4DCB-C6E4-4539-8BDB-A8155933B572}.Debug|iPhoneSimulator.Deploy.0 = Debug|Any CPU
		{0ABE4DCB-C6E4-4539-8BDB-A8155933B572}.Release|Any CPU.ActiveCfg = Release|Any CPU
		{0ABE4DCB-C6E4-4539-8BDB-A8155933B572}.Release|Any CPU.Build.0 = Release|Any CPU
		{0ABE4DCB-C6E4-4539-8BDB-A8155933B572}.Release|Any CPU.Deploy.0 = Release|Any CPU
		{0ABE4DCB-C6E4-4539-8BDB-A8155933B572}.Release|iPhone.ActiveCfg = Release|Any CPU
		{0ABE4DCB-C6E4-4539-8BDB-A8155933B572}.Release|iPhone.Build.0 = Release|Any CPU
		{0ABE4DCB-C6E4-4539-8BDB-A8155933B572}.Release|iPhone.Deploy.0 = Release|Any CPU
		{0ABE4DCB-C6E4-4539-8BDB-A8155933B572}.Release|iPhoneSimulator.ActiveCfg = Release|Any CPU
		{0ABE4DCB-C6E4-4539-8BDB-A8155933B572}.Release|iPhoneSimulator.Build.0 = Release|Any CPU
		{0ABE4DCB-C6E4-4539-8BDB-A8155933B572}.Release|iPhoneSimulator.Deploy.0 = Release|Any CPU
		{70648A6A-ED0B-41CB-A53D-BCBE4DAB0AC5}.Ad-Hoc|Any CPU.ActiveCfg = Ad-Hoc|iPhone
		{70648A6A-ED0B-41CB-A53D-BCBE4DAB0AC5}.Ad-Hoc|Any CPU.Build.0 = Ad-Hoc|iPhone
		{70648A6A-ED0B-41CB-A53D-BCBE4DAB0AC5}.Ad-Hoc|Any CPU.Deploy.0 = Ad-Hoc|iPhone
		{70648A6A-ED0B-41CB-A53D-BCBE4DAB0AC5}.Ad-Hoc|iPhone.ActiveCfg = Ad-Hoc|iPhone
		{70648A6A-ED0B-41CB-A53D-BCBE4DAB0AC5}.Ad-Hoc|iPhone.Build.0 = Ad-Hoc|iPhone
		{70648A6A-ED0B-41CB-A53D-BCBE4DAB0AC5}.Ad-Hoc|iPhone.Deploy.0 = Ad-Hoc|iPhone
		{70648A6A-ED0B-41CB-A53D-BCBE4DAB0AC5}.Ad-Hoc|iPhoneSimulator.ActiveCfg = Ad-Hoc|iPhoneSimulator
		{70648A6A-ED0B-41CB-A53D-BCBE4DAB0AC5}.Ad-Hoc|iPhoneSimulator.Build.0 = Ad-Hoc|iPhoneSimulator
		{70648A6A-ED0B-41CB-A53D-BCBE4DAB0AC5}.Ad-Hoc|iPhoneSimulator.Deploy.0 = Ad-Hoc|iPhoneSimulator
		{70648A6A-ED0B-41CB-A53D-BCBE4DAB0AC5}.AppStore|Any CPU.ActiveCfg = AppStore|iPhone
		{70648A6A-ED0B-41CB-A53D-BCBE4DAB0AC5}.AppStore|Any CPU.Build.0 = AppStore|iPhone
		{70648A6A-ED0B-41CB-A53D-BCBE4DAB0AC5}.AppStore|Any CPU.Deploy.0 = AppStore|iPhone
		{70648A6A-ED0B-41CB-A53D-BCBE4DAB0AC5}.AppStore|iPhone.ActiveCfg = AppStore|iPhone
		{70648A6A-ED0B-41CB-A53D-BCBE4DAB0AC5}.AppStore|iPhone.Build.0 = AppStore|iPhone
		{70648A6A-ED0B-41CB-A53D-BCBE4DAB0AC5}.AppStore|iPhone.Deploy.0 = AppStore|iPhone
		{70648A6A-ED0B-41CB-A53D-BCBE4DAB0AC5}.AppStore|iPhoneSimulator.ActiveCfg = AppStore|iPhoneSimulator
		{70648A6A-ED0B-41CB-A53D-BCBE4DAB0AC5}.AppStore|iPhoneSimulator.Build.0 = AppStore|iPhoneSimulator
		{70648A6A-ED0B-41CB-A53D-BCBE4DAB0AC5}.AppStore|iPhoneSimulator.Deploy.0 = AppStore|iPhoneSimulator
		{70648A6A-ED0B-41CB-A53D-BCBE4DAB0AC5}.Debug|Any CPU.ActiveCfg = Debug|iPhoneSimulator
		{70648A6A-ED0B-41CB-A53D-BCBE4DAB0AC5}.Debug|Any CPU.Build.0 = Debug|iPhoneSimulator
		{70648A6A-ED0B-41CB-A53D-BCBE4DAB0AC5}.Debug|Any CPU.Deploy.0 = Debug|iPhoneSimulator
		{70648A6A-ED0B-41CB-A53D-BCBE4DAB0AC5}.Debug|iPhone.ActiveCfg = Debug|iPhone
		{70648A6A-ED0B-41CB-A53D-BCBE4DAB0AC5}.Debug|iPhone.Build.0 = Debug|iPhone
		{70648A6A-ED0B-41CB-A53D-BCBE4DAB0AC5}.Debug|iPhone.Deploy.0 = Debug|iPhone
		{70648A6A-ED0B-41CB-A53D-BCBE4DAB0AC5}.Debug|iPhoneSimulator.ActiveCfg = Debug|iPhoneSimulator
		{70648A6A-ED0B-41CB-A53D-BCBE4DAB0AC5}.Debug|iPhoneSimulator.Build.0 = Debug|iPhoneSimulator
		{70648A6A-ED0B-41CB-A53D-BCBE4DAB0AC5}.Debug|iPhoneSimulator.Deploy.0 = Debug|iPhoneSimulator
		{70648A6A-ED0B-41CB-A53D-BCBE4DAB0AC5}.Release|Any CPU.ActiveCfg = Release|iPhone
		{70648A6A-ED0B-41CB-A53D-BCBE4DAB0AC5}.Release|Any CPU.Build.0 = Release|iPhone
		{70648A6A-ED0B-41CB-A53D-BCBE4DAB0AC5}.Release|Any CPU.Deploy.0 = Release|iPhone
		{70648A6A-ED0B-41CB-A53D-BCBE4DAB0AC5}.Release|iPhone.ActiveCfg = Release|iPhone
		{70648A6A-ED0B-41CB-A53D-BCBE4DAB0AC5}.Release|iPhone.Build.0 = Release|iPhone
		{70648A6A-ED0B-41CB-A53D-BCBE4DAB0AC5}.Release|iPhone.Deploy.0 = Release|iPhone
		{70648A6A-ED0B-41CB-A53D-BCBE4DAB0AC5}.Release|iPhoneSimulator.ActiveCfg = Release|iPhoneSimulator
		{70648A6A-ED0B-41CB-A53D-BCBE4DAB0AC5}.Release|iPhoneSimulator.Build.0 = Release|iPhoneSimulator
		{70648A6A-ED0B-41CB-A53D-BCBE4DAB0AC5}.Release|iPhoneSimulator.Deploy.0 = Release|iPhoneSimulator
		{2A9F4C61-91DD-4DCA-B463-05E1FB31DF15}.Ad-Hoc|Any CPU.ActiveCfg = Debug|Any CPU
		{2A9F4C61-91DD-4DCA-B463-05E1FB31DF15}.Ad-Hoc|Any CPU.Build.0 = Debug|Any CPU
		{2A9F4C61-91DD-4DCA-B463-05E1FB31DF15}.Ad-Hoc|Any CPU.Deploy.0 = Debug|Any CPU
		{2A9F4C61-91DD-4DCA-B463-05E1FB31DF15}.Ad-Hoc|iPhone.ActiveCfg = Debug|Any CPU
		{2A9F4C61-91DD-4DCA-B463-05E1FB31DF15}.Ad-Hoc|iPhone.Build.0 = Debug|Any CPU
		{2A9F4C61-91DD-4DCA-B463-05E1FB31DF15}.Ad-Hoc|iPhone.Deploy.0 = Debug|Any CPU
		{2A9F4C61-91DD-4DCA-B463-05E1FB31DF15}.Ad-Hoc|iPhoneSimulator.ActiveCfg = Debug|Any CPU
		{2A9F4C61-91DD-4DCA-B463-05E1FB31DF15}.Ad-Hoc|iPhoneSimulator.Build.0 = Debug|Any CPU
		{2A9F4C61-91DD-4DCA-B463-05E1FB31DF15}.Ad-Hoc|iPhoneSimulator.Deploy.0 = Debug|Any CPU
		{2A9F4C61-91DD-4DCA-B463-05E1FB31DF15}.AppStore|Any CPU.ActiveCfg = Debug|Any CPU
		{2A9F4C61-91DD-4DCA-B463-05E1FB31DF15}.AppStore|Any CPU.Build.0 = Debug|Any CPU
		{2A9F4C61-91DD-4DCA-B463-05E1FB31DF15}.AppStore|Any CPU.Deploy.0 = Debug|Any CPU
		{2A9F4C61-91DD-4DCA-B463-05E1FB31DF15}.AppStore|iPhone.ActiveCfg = Debug|Any CPU
		{2A9F4C61-91DD-4DCA-B463-05E1FB31DF15}.AppStore|iPhone.Build.0 = Debug|Any CPU
		{2A9F4C61-91DD-4DCA-B463-05E1FB31DF15}.AppStore|iPhone.Deploy.0 = Debug|Any CPU
		{2A9F4C61-91DD-4DCA-B463-05E1FB31DF15}.AppStore|iPhoneSimulator.ActiveCfg = Debug|Any CPU
		{2A9F4C61-91DD-4DCA-B463-05E1FB31DF15}.AppStore|iPhoneSimulator.Build.0 = Debug|Any CPU
		{2A9F4C61-91DD-4DCA-B463-05E1FB31DF15}.AppStore|iPhoneSimulator.Deploy.0 = Debug|Any CPU
		{2A9F4C61-91DD-4DCA-B463-05E1FB31DF15}.Debug|Any CPU.ActiveCfg = Debug|Any CPU
		{2A9F4C61-91DD-4DCA-B463-05E1FB31DF15}.Debug|Any CPU.Build.0 = Debug|Any CPU
		{2A9F4C61-91DD-4DCA-B463-05E1FB31DF15}.Debug|Any CPU.Deploy.0 = Debug|Any CPU
		{2A9F4C61-91DD-4DCA-B463-05E1FB31DF15}.Debug|iPhone.ActiveCfg = Debug|Any CPU
		{2A9F4C61-91DD-4DCA-B463-05E1FB31DF15}.Debug|iPhone.Build.0 = Debug|Any CPU
		{2A9F4C61-91DD-4DCA-B463-05E1FB31DF15}.Debug|iPhone.Deploy.0 = Debug|Any CPU
		{2A9F4C61-91DD-4DCA-B463-05E1FB31DF15}.Debug|iPhoneSimulator.ActiveCfg = Debug|Any CPU
		{2A9F4C61-91DD-4DCA-B463-05E1FB31DF15}.Debug|iPhoneSimulator.Build.0 = Debug|Any CPU
		{2A9F4C61-91DD-4DCA-B463-05E1FB31DF15}.Debug|iPhoneSimulator.Deploy.0 = Debug|Any CPU
		{2A9F4C61-91DD-4DCA-B463-05E1FB31DF15}.Release|Any CPU.ActiveCfg = Release|Any CPU
		{2A9F4C61-91DD-4DCA-B463-05E1FB31DF15}.Release|Any CPU.Build.0 = Release|Any CPU
		{2A9F4C61-91DD-4DCA-B463-05E1FB31DF15}.Release|Any CPU.Deploy.0 = Release|Any CPU
		{2A9F4C61-91DD-4DCA-B463-05E1FB31DF15}.Release|iPhone.ActiveCfg = Release|Any CPU
		{2A9F4C61-91DD-4DCA-B463-05E1FB31DF15}.Release|iPhone.Build.0 = Release|Any CPU
		{2A9F4C61-91DD-4DCA-B463-05E1FB31DF15}.Release|iPhone.Deploy.0 = Release|Any CPU
		{2A9F4C61-91DD-4DCA-B463-05E1FB31DF15}.Release|iPhoneSimulator.ActiveCfg = Release|Any CPU
		{2A9F4C61-91DD-4DCA-B463-05E1FB31DF15}.Release|iPhoneSimulator.Build.0 = Release|Any CPU
		{2A9F4C61-91DD-4DCA-B463-05E1FB31DF15}.Release|iPhoneSimulator.Deploy.0 = Release|Any CPU
	EndGlobalSection
	GlobalSection(SolutionProperties) = preSolution
		HideSolutionNode = FALSE
	EndGlobalSection
	GlobalSection(ExtensibilityGlobals) = postSolution
		SolutionGuid = {EE5992A2-7D48-4F6A-8B83-85D81389C84C}
	EndGlobalSection
EndGlobal
